
Microsoft Visual Studio Solution File, Format Version 12.00
# Visual Studio Version 17
VisualStudioVersion = 17.0.31903.59
MinimumVisualStudioVersion = 10.0.40219.1
Project("{2150E333-8FDC-42A3-9474-1A3956D46DE8}") = "src", "src", "{4D85DD40-5E34-4E95-A310-D95C61ADAF93}"
EndProject
Project("{FAE04EC0-301F-11D3-BF4B-00C04F79EFBC}") = "Api", "src\Api\Api.csproj", "{720604AC-7F50-45AA-9A6C-A47800A60D43}"
EndProject
Project("{FAE04EC0-301F-11D3-BF4B-00C04F79EFBC}") = "Persistence", "src\Persistence\Persistence.csproj", "{05AFDF94-B259-4910-8E2E-A6F288937FFF}"
EndProject
Project("{FAE04EC0-301F-11D3-BF4B-00C04F79EFBC}") = "Domain", "src\Domain\Domain.csproj", "{AECFE095-51F2-4119-9CE6-EE05F1F53342}"
EndProject
Global
	GlobalSection(SolutionConfigurationPlatforms) = preSolution
		Debug|Any CPU = Debug|Any CPU
		Release|Any CPU = Release|Any CPU
	EndGlobalSection
	GlobalSection(SolutionProperties) = preSolution
		HideSolutionNode = FALSE
	EndGlobalSection
	GlobalSection(ProjectConfigurationPlatforms) = postSolution
		{720604AC-7F50-45AA-9A6C-A47800A60D43}.Debug|Any CPU.ActiveCfg = Debug|Any CPU
		{720604AC-7F50-45AA-9A6C-A47800A60D43}.Debug|Any CPU.Build.0 = Debug|Any CPU
		{720604AC-7F50-45AA-9A6C-A47800A60D43}.Release|Any CPU.ActiveCfg = Release|Any CPU
		{720604AC-7F50-45AA-9A6C-A47800A60D43}.Release|Any CPU.Build.0 = Release|Any CPU
		{05AFDF94-B259-4910-8E2E-A6F288937FFF}.Debug|Any CPU.ActiveCfg = Debug|Any CPU
		{05AFDF94-B259-4910-8E2E-A6F288937FFF}.Debug|Any CPU.Build.0 = Debug|Any CPU
		{05AFDF94-B259-4910-8E2E-A6F288937FFF}.Release|Any CPU.ActiveCfg = Release|Any CPU
		{05AFDF94-B259-4910-8E2E-A6F288937FFF}.Release|Any CPU.Build.0 = Release|Any CPU
		{AECFE095-51F2-4119-9CE6-EE05F1F53342}.Debug|Any CPU.ActiveCfg = Debug|Any CPU
		{AECFE095-51F2-4119-9CE6-EE05F1F53342}.Debug|Any CPU.Build.0 = Debug|Any CPU
		{AECFE095-51F2-4119-9CE6-EE05F1F53342}.Release|Any CPU.ActiveCfg = Release|Any CPU
		{AECFE095-51F2-4119-9CE6-EE05F1F53342}.Release|Any CPU.Build.0 = Release|Any CPU
	EndGlobalSection
	GlobalSection(NestedProjects) = preSolution
		{720604AC-7F50-45AA-9A6C-A47800A60D43} = {4D85DD40-5E34-4E95-A310-D95C61ADAF93}
		{05AFDF94-B259-4910-8E2E-A6F288937FFF} = {4D85DD40-5E34-4E95-A310-D95C61ADAF93}
		{AECFE095-51F2-4119-9CE6-EE05F1F53342} = {4D85DD40-5E34-4E95-A310-D95C61ADAF93}
	EndGlobalSection
EndGlobal
